PODS:
  - Amplify (1.29.1):
    - Amplify/Default (= 1.29.1)
  - Amplify/Default (1.29.1)
  - amplify_api_ios (0.0.1):
    - Amplify (= 1.29.1)
    - amplify_core
    - AmplifyPlugins/AWSAPIPlugin (= 1.29.1)
    - Flutter
    - SwiftFormat/CLI
    - SwiftLint (= 0.48.0)
  - amplify_auth_cognito_ios (0.0.1):
    - Amplify (= 1.29.1)
    - amplify_core
    - AmplifyPlugins/AWSCognitoAuthPlugin (= 1.29.1)
    - Flutter
    - ObjectMapper
  - amplify_core (0.0.1):
    - Flutter
    - SwiftFormat/CLI
    - SwiftLint (= 0.48.0)
  - amplify_datastore (0.0.1):
    - Amplify (= 1.29.1)
    - amplify_core
    - AmplifyPlugins/AWSDataStorePlugin (= 1.29.1)
    - Flutter
  - amplify_flutter_ios (0.0.1):
    - Amplify (= 1.29.1)
    - amplify_core
    - AmplifyPlugins/AWSCognitoAuthPlugin (= 1.29.1)
    - AWSPluginsCore (= 1.29.1)
    - Flutter
    - SwiftFormat/CLI
    - SwiftLint (= 0.48.0)
  - amplify_storage_s3_ios (0.0.1):
    - Amplify (= 1.29.1)
    - amplify_core
    - AmplifyPlugins/AWSS3StoragePlugin (= 1.29.1)
    - Flutter
  - AmplifyPlugins/AWSAPIPlugin (1.29.1):
    - AppSyncRealTimeClient (~> 3.0)
    - AWSCore (~> 2.30.1)
    - AWSPluginsCore (= 1.29.1)
  - AmplifyPlugins/AWSCognitoAuthPlugin (1.29.1):
    - AWSAuthCore (~> 2.30.1)
    - AWSCognitoIdentityProvider (~> 2.30.1)
    - AWSCognitoIdentityProviderASF (~> 2.30.1)
    - AWSCore (~> 2.30.1)
    - AWSMobileClient (~> 2.30.1)
    - AWSPluginsCore (= 1.29.1)
  - AmplifyPlugins/AWSDataStorePlugin (1.29.1):
    - AWSCore (~> 2.30.1)
    - AWSPluginsCore (= 1.29.1)
    - SQLite.swift (= 0.13.2)
  - AmplifyPlugins/AWSS3StoragePlugin (1.29.1):
    - AWSCore (~> 2.30.1)
    - AWSPluginsCore (= 1.29.1)
    - AWSS3 (~> 2.30.1)
  - AppSyncRealTimeClient (3.1.0):
    - Starscream (~> 4.0.4)
  - AWSAuthCore (2.30.4):
    - AWSCore (= 2.30.4)
  - AWSCognitoIdentityProvider (2.30.4):
    - AWSCognitoIdentityProviderASF (= 2.30.4)
    - AWSCore (= 2.30.4)
  - AWSCognitoIdentityProviderASF (2.30.4):
    - AWSCore (= 2.30.4)
  - AWSCore (2.30.4)
  - AWSMobileClient (2.30.4):
    - AWSAuthCore (= 2.30.4)
    - AWSCognitoIdentityProvider (= 2.30.4)
    - AWSCognitoIdentityProviderASF (= 2.30.4)
    - AWSCore (= 2.30.4)
  - AWSPluginsCore (1.29.1):
    - Amplify (= 1.29.1)
    - AWSCore (~> 2.30.1)
  - AWSS3 (2.30.4):
    - AWSCore (= 2.30.4)
  - devicelocale (0.0.1):
    - Flutter
  - DKImagePickerController/Core (4.3.4):
    - DKImagePickerController/ImageDataManager
    - DKImagePickerController/Resource
  - DKImagePickerController/ImageDataManager (4.3.4)
  - DKImagePickerController/PhotoGallery (4.3.4):
    - DKImagePickerController/Core
    - DKPhotoGallery
  - DKImagePickerController/Resource (4.3.4)
  - DKPhotoGallery (0.0.17):
    - DKPhotoGallery/Core (= 0.0.17)
    - DKPhotoGallery/Model (= 0.0.17)
    - DKPhotoGallery/Preview (= 0.0.17)
    - DKPhotoGallery/Resource (= 0.0.17)
    - SDWebImage
    - SwiftyGif
  - DKPhotoGallery/Core (0.0.17):
    - DKPhotoGallery/Model
    - DKPhotoGallery/Preview
    - SDWebImage
    - SwiftyGif
  - DKPhotoGallery/Model (0.0.17):
    - SDWebImage
    - SwiftyGif
  - DKPhotoGallery/Preview (0.0.17):
    - DKPhotoGallery/Model
    - DKPhotoGallery/Resource
    - SDWebImage
    - SwiftyGif
  - DKPhotoGallery/Resource (0.0.17):
    - SDWebImage
    - SwiftyGif
  - file_picker (0.0.1):
    - DKImagePickerController/PhotoGallery
    - Flutter
  - Flutter (1.0.0)
  - FMDB (2.7.5):
    - FMDB/standard (= 2.7.5)
  - FMDB/standard (2.7.5)
  - image_picker_ios (0.0.1):
    - Flutter
  - ObjectMapper (4.2.0)
  - open_filex (0.0.2):
    - Flutter
  - path_provider_foundation (0.0.1):
    - Flutter
    - FlutterMacOS
  - SDWebImage (5.16.0):
    - SDWebImage/Core (= 5.16.0)
  - SDWebImage/Core (5.16.0)
  - shared_preferences_foundation (0.0.1):
    - Flutter
    - FlutterMacOS
  - sqflite (0.0.3):
    - Flutter
    - FMDB (>= 2.7.5)
  - SQLite.swift (0.13.2):
    - SQLite.swift/standard (= 0.13.2)
  - SQLite.swift/standard (0.13.2)
  - Starscream (4.0.4)
  - SwiftFormat/CLI (0.51.11)
  - SwiftLint (0.48.0)
  - SwiftyGif (5.4.4)
  - url_launcher_ios (0.0.1):
    - Flutter

DEPENDENCIES:
  - amplify_api_ios (from `.symlinks/plugins/amplify_api_ios/ios`)
  - amplify_auth_cognito_ios (from `.symlinks/plugins/amplify_auth_cognito_ios/ios`)
  - amplify_core (from `.symlinks/plugins/amplify_core/ios`)
  - amplify_datastore (from `.symlinks/plugins/amplify_datastore/ios`)
  - amplify_flutter_ios (from `.symlinks/plugins/amplify_flutter_ios/ios`)
  - amplify_storage_s3_ios (from `.symlinks/plugins/amplify_storage_s3_ios/ios`)
  - devicelocale (from `.symlinks/plugins/devicelocale/ios`)
  - file_picker (from `.symlinks/plugins/file_picker/ios`)
  - Flutter (from `Flutter`)
  - image_picker_ios (from `.symlinks/plugins/image_picker_ios/ios`)
  - open_filex (from `.symlinks/plugins/open_filex/ios`)
  - path_provider_foundation (from `.symlinks/plugins/path_provider_foundation/darwin`)
  - shared_preferences_foundation (from `.symlinks/plugins/shared_preferences_foundation/darwin`)
  - sqflite (from `.symlinks/plugins/sqflite/ios`)
  - url_launcher_ios (from `.symlinks/plugins/url_launcher_ios/ios`)

SPEC REPOS:
  trunk:
    - Amplify
    - AmplifyPlugins
    - AppSyncRealTimeClient
    - AWSAuthCore
    - AWSCognitoIdentityProvider
    - AWSCognitoIdentityProviderASF
    - AWSCore
    - AWSMobileClient
    - AWSPluginsCore
    - AWSS3
    - DKImagePickerController
    - DKPhotoGallery
    - FMDB
    - ObjectMapper
    - SDWebImage
    - SQLite.swift
    - Starscream
    - SwiftFormat
    - SwiftLint
    - SwiftyGif

EXTERNAL SOURCES:
  amplify_api_ios:
    :path: ".symlinks/plugins/amplify_api_ios/ios"
  amplify_auth_cognito_ios:
    :path: ".symlinks/plugins/amplify_auth_cognito_ios/ios"
  amplify_core:
    :path: ".symlinks/plugins/amplify_core/ios"
  amplify_datastore:
    :path: ".symlinks/plugins/amplify_datastore/ios"
  amplify_flutter_ios:
    :path: ".symlinks/plugins/amplify_flutter_ios/ios"
  amplify_storage_s3_ios:
    :path: ".symlinks/plugins/amplify_storage_s3_ios/ios"
  devicelocale:
    :path: ".symlinks/plugins/devicelocale/ios"
  file_picker:
    :path: ".symlinks/plugins/file_picker/ios"
  Flutter:
    :path: Flutter
  image_picker_ios:
    :path: ".symlinks/plugins/image_picker_ios/ios"
  open_filex:
    :path: ".symlinks/plugins/open_filex/ios"
  path_provider_foundation:
    :path: ".symlinks/plugins/path_provider_foundation/darwin"
  shared_preferences_foundation:
    :path: ".symlinks/plugins/shared_preferences_foundation/darwin"
  sqflite:
    :path: ".symlinks/plugins/sqflite/ios"
  url_launcher_ios:
    :path: ".symlinks/plugins/url_launcher_ios/ios"

SPEC CHECKSUMS:
  Amplify: b72bc02515114147a7be8c4f76ef4ecc41350a23
  amplify_api_ios: 76d1a6ee60fa6133c5386179f313c3a8fa47d585
  amplify_auth_cognito_ios: 5260aed8aaa4e6c5a08a49695077c1b6f8d75251
  amplify_core: 0876b2fbbcec7619f5b58b20c59ecc0118f65a47
  amplify_datastore: 67f90ca91a272a43eb7c891a619a9646d3f5683b
  amplify_flutter_ios: b215a2d52f8beeb9d30e29a99152c71fadc6730a
  amplify_storage_s3_ios: 6e8ff166371b95568e2ea6f0997531c4f027b6fc
  AmplifyPlugins: f8fa63aafd782a44cf48abef656e759dcab3eb71
  AppSyncRealTimeClient: 49901c6f21e541bec09281854c5695a6c1309bf7
  AWSAuthCore: 42e2d4927d94e5e323b63b2ae885f287c51b5889
  AWSCognitoIdentityProvider: 2331f5f4c8c1775c6a228bb2dae2d353198401e8
  AWSCognitoIdentityProviderASF: d905c2acab3d2e7016b643d53ba553d5217fa929
  AWSCore: 19b8233fe2d0ed3ccf5cff833a615814282cdc90
  AWSMobileClient: 7d9c81e47ef27c6b5604858477006548eb1db342
  AWSPluginsCore: d2c3685072cf896a05f09b55686af476db7c0596
  AWSS3: 1c5540cbe98d8ae5e24f44dcca25796ddba16058
  devicelocale: b22617f40038496deffba44747101255cee005b0
  DKImagePickerController: b512c28220a2b8ac7419f21c491fc8534b7601ac
  DKPhotoGallery: fdfad5125a9fdda9cc57df834d49df790dbb4179
  file_picker: ce3938a0df3cc1ef404671531facef740d03f920
  Flutter: f04841e97a9d0b0a8025694d0796dd46242b2854
  FMDB: 2ce00b547f966261cd18927a3ddb07cb6f3db82a
  image_picker_ios: 4a8aadfbb6dc30ad5141a2ce3832af9214a705b5
  ObjectMapper: 1eb41f610210777375fa806bf161dc39fb832b81
  open_filex: 6e26e659846ec990262224a12ef1c528bb4edbe4
  path_provider_foundation: eaf5b3e458fc0e5fbb9940fb09980e853fe058b8
  SDWebImage: 2aea163b50bfcb569a2726b6a754c54a4506fcf6
  shared_preferences_foundation: e2dae3258e06f44cc55f49d42024fd8dd03c590c
  sqflite: 31f7eba61e3074736dff8807a9b41581e4f7f15a
  SQLite.swift: 4fc2be46c36392e3b87afe6fe7f1801c1daa07ef
  Starscream: 5178aed56b316f13fa3bc55694e583d35dd414d9
  SwiftFormat: 5c722f77243cf74af91d1c587b5b2d744441f557
  SwiftLint: 284cea64b6187c5d6bd83e9a548a64104d546447
  SwiftyGif: 93a1cc87bf3a51916001cf8f3d63835fb64c819f
  url_launcher_ios: 08a3dfac5fb39e8759aeb0abbd5d9480f30fc8b4

PODFILE CHECKSUM: a843a48598f7673f7f2af9f25c841666a29f3416

COCOAPODS: 1.12.1
